
Microsoft Visual Studio Solution File, Format Version 12.00
# Visual Studio Version 17
VisualStudioVersion = 17.5.33516.290
MinimumVisualStudioVersion = 10.0.40219.1
Project("{FAE04EC0-301F-11D3-BF4B-00C04F79EFBC}") = "InharitenceExample", "InharitenceExample.csproj", "{860455DD-235A-4787-941C-92E8A3249D9F}"
EndProject
Project("{FAE04EC0-301F-11D3-BF4B-00C04F79EFBC}") = "InheritanceClassLibrary", "..\InheritanceClassLibrary\InheritanceClassLibrary.csproj", "{AEC10EE9-72DC-406B-9ABE-43D5231CA7FB}"
EndProject
Global
	GlobalSection(SolutionConfigurationPlatforms) = preSolution
		Debug|Any CPU = Debug|Any CPU
		Release|Any CPU = Release|Any CPU
	EndGlobalSection
	GlobalSection(ProjectConfigurationPlatforms) = postSolution
		{860455DD-235A-4787-941C-92E8A3249D9F}.Debug|Any CPU.ActiveCfg = Debug|Any CPU
		{860455DD-235A-4787-941C-92E8A3249D9F}.Debug|Any CPU.Build.0 = Debug|Any CPU
		{860455DD-235A-4787-941C-92E8A3249D9F}.Release|Any CPU.ActiveCfg = Release|Any CPU
		{860455DD-235A-4787-941C-92E8A3249D9F}.Release|Any CPU.Build.0 = Release|Any CPU
		{AEC10EE9-72DC-406B-9ABE-43D5231CA7FB}.Debug|Any CPU.ActiveCfg = Debug|Any CPU
		{AEC10EE9-72DC-406B-9ABE-43D5231CA7FB}.Debug|Any CPU.Build.0 = Debug|Any CPU
		{AEC10EE9-72DC-406B-9ABE-43D5231CA7FB}.Release|Any CPU.ActiveCfg = Release|Any CPU
		{AEC10EE9-72DC-406B-9ABE-43D5231CA7FB}.Release|Any CPU.Build.0 = Release|Any CPU
	EndGlobalSection
	GlobalSection(SolutionProperties) = preSolution
		HideSolutionNode = FALSE
	EndGlobalSection
	GlobalSection(ExtensibilityGlobals) = postSolution
		SolutionGuid = {53606B76-F51E-412C-9794-F92046132403}
	EndGlobalSection
EndGlobal
