
Microsoft Visual Studio Solution File, Format Version 12.00
# Visual Studio Version 17
VisualStudioVersion = 17.5.33516.290
MinimumVisualStudioVersion = 10.0.40219.1
Project("{FAE04EC0-301F-11D3-BF4B-00C04F79EFBC}") = "CreatingIndexersExample", "CreatingIndexersExample.csproj", "{D15E5DB8-5D82-49A3-915F-1A5B3AEABAF6}"
EndProject
Project("{FAE04EC0-301F-11D3-BF4B-00C04F79EFBC}") = "IndexersClassLibrary", "..\IndexersClassLibrary\IndexersClassLibrary.csproj", "{7DE86A24-F436-4E94-8858-B58D1F18739D}"
EndProject
Global
	GlobalSection(SolutionConfigurationPlatforms) = preSolution
		Debug|Any CPU = Debug|Any CPU
		Release|Any CPU = Release|Any CPU
	EndGlobalSection
	GlobalSection(ProjectConfigurationPlatforms) = postSolution
		{D15E5DB8-5D82-49A3-915F-1A5B3AEABAF6}.Debug|Any CPU.ActiveCfg = Debug|Any CPU
		{D15E5DB8-5D82-49A3-915F-1A5B3AEABAF6}.Debug|Any CPU.Build.0 = Debug|Any CPU
		{D15E5DB8-5D82-49A3-915F-1A5B3AEABAF6}.Release|Any CPU.ActiveCfg = Release|Any CPU
		{D15E5DB8-5D82-49A3-915F-1A5B3AEABAF6}.Release|Any CPU.Build.0 = Release|Any CPU
		{7DE86A24-F436-4E94-8858-B58D1F18739D}.Debug|Any CPU.ActiveCfg = Debug|Any CPU
		{7DE86A24-F436-4E94-8858-B58D1F18739D}.Debug|Any CPU.Build.0 = Debug|Any CPU
		{7DE86A24-F436-4E94-8858-B58D1F18739D}.Release|Any CPU.ActiveCfg = Release|Any CPU
		{7DE86A24-F436-4E94-8858-B58D1F18739D}.Release|Any CPU.Build.0 = Release|Any CPU
	EndGlobalSection
	GlobalSection(SolutionProperties) = preSolution
		HideSolutionNode = FALSE
	EndGlobalSection
	GlobalSection(ExtensibilityGlobals) = postSolution
		SolutionGuid = {57D6A923-CDC0-4244-8EAF-3391FFB58F93}
	EndGlobalSection
EndGlobal
