
Microsoft Visual Studio Solution File, Format Version 12.00
# Visual Studio Version 17
VisualStudioVersion = 17.5.33516.290
MinimumVisualStudioVersion = 10.0.40219.1
Project("{FAE04EC0-301F-11D3-BF4B-00C04F79EFBC}") = "Assignment17", "Assignment17.csproj", "{F90CBC40-0C98-43E0-BE4D-DF2706927F0A}"
EndProject
Project("{FAE04EC0-301F-11D3-BF4B-00C04F79EFBC}") = "Assignment17ClassLibrary", "..\Assignment17ClassLibrary\Assignment17ClassLibrary.csproj", "{D0EB74CC-2295-4411-A177-8DAD597C2EB1}"
EndProject
Global
	GlobalSection(SolutionConfigurationPlatforms) = preSolution
		Debug|Any CPU = Debug|Any CPU
		Release|Any CPU = Release|Any CPU
	EndGlobalSection
	GlobalSection(ProjectConfigurationPlatforms) = postSolution
		{F90CBC40-0C98-43E0-BE4D-DF2706927F0A}.Debug|Any CPU.ActiveCfg = Debug|Any CPU
		{F90CBC40-0C98-43E0-BE4D-DF2706927F0A}.Debug|Any CPU.Build.0 = Debug|Any CPU
		{F90CBC40-0C98-43E0-BE4D-DF2706927F0A}.Release|Any CPU.ActiveCfg = Release|Any CPU
		{F90CBC40-0C98-43E0-BE4D-DF2706927F0A}.Release|Any CPU.Build.0 = Release|Any CPU
		{D0EB74CC-2295-4411-A177-8DAD597C2EB1}.Debug|Any CPU.ActiveCfg = Debug|Any CPU
		{D0EB74CC-2295-4411-A177-8DAD597C2EB1}.Debug|Any CPU.Build.0 = Debug|Any CPU
		{D0EB74CC-2295-4411-A177-8DAD597C2EB1}.Release|Any CPU.ActiveCfg = Release|Any CPU
		{D0EB74CC-2295-4411-A177-8DAD597C2EB1}.Release|Any CPU.Build.0 = Release|Any CPU
	EndGlobalSection
	GlobalSection(SolutionProperties) = preSolution
		HideSolutionNode = FALSE
	EndGlobalSection
	GlobalSection(ExtensibilityGlobals) = postSolution
		SolutionGuid = {936A78E0-A433-4628-8257-3BF7BE25626B}
	EndGlobalSection
EndGlobal
