
Microsoft Visual Studio Solution File, Format Version 12.00
# Visual Studio Version 17
VisualStudioVersion = 17.5.33516.290
MinimumVisualStudioVersion = 10.0.40219.1
Project("{FAE04EC0-301F-11D3-BF4B-00C04F79EFBC}") = "Contructors", "Contructors.csproj", "{CBB94A99-FEA6-44F3-9C0B-4B484F7B0A0B}"
EndProject
Project("{FAE04EC0-301F-11D3-BF4B-00C04F79EFBC}") = "ControctorsClassLibrary", "..\ControctorsClassLibrary\ControctorsClassLibrary.csproj", "{FA2D110D-1170-4933-8214-FC1597B74008}"
EndProject
Global
	GlobalSection(SolutionConfigurationPlatforms) = preSolution
		Debug|Any CPU = Debug|Any CPU
		Release|Any CPU = Release|Any CPU
	EndGlobalSection
	GlobalSection(ProjectConfigurationPlatforms) = postSolution
		{CBB94A99-FEA6-44F3-9C0B-4B484F7B0A0B}.Debug|Any CPU.ActiveCfg = Debug|Any CPU
		{CBB94A99-FEA6-44F3-9C0B-4B484F7B0A0B}.Debug|Any CPU.Build.0 = Debug|Any CPU
		{CBB94A99-FEA6-44F3-9C0B-4B484F7B0A0B}.Release|Any CPU.ActiveCfg = Release|Any CPU
		{CBB94A99-FEA6-44F3-9C0B-4B484F7B0A0B}.Release|Any CPU.Build.0 = Release|Any CPU
		{FA2D110D-1170-4933-8214-FC1597B74008}.Debug|Any CPU.ActiveCfg = Debug|Any CPU
		{FA2D110D-1170-4933-8214-FC1597B74008}.Debug|Any CPU.Build.0 = Debug|Any CPU
		{FA2D110D-1170-4933-8214-FC1597B74008}.Release|Any CPU.ActiveCfg = Release|Any CPU
		{FA2D110D-1170-4933-8214-FC1597B74008}.Release|Any CPU.Build.0 = Release|Any CPU
	EndGlobalSection
	GlobalSection(SolutionProperties) = preSolution
		HideSolutionNode = FALSE
	EndGlobalSection
	GlobalSection(ExtensibilityGlobals) = postSolution
		SolutionGuid = {08412A0A-DABC-4306-BF48-4762B4EABFE4}
	EndGlobalSection
EndGlobal
