
Microsoft Visual Studio Solution File, Format Version 12.00
# Visual Studio Version 17
VisualStudioVersion = 17.5.33516.290
MinimumVisualStudioVersion = 10.0.40219.1
Project("{FAE04EC0-301F-11D3-BF4B-00C04F79EFBC}") = "ClassExample", "ClassExample.csproj", "{CF58A9AF-94A2-4EB2-AC29-B10A93386E16}"
EndProject
Project("{FAE04EC0-301F-11D3-BF4B-00C04F79EFBC}") = "ClassLibrary1", "..\ClassLibrary1\ClassLibrary1.csproj", "{1E43400F-3043-4CDC-BF0B-DEBFD1C5D4FB}"
EndProject
Global
	GlobalSection(SolutionConfigurationPlatforms) = preSolution
		Debug|Any CPU = Debug|Any CPU
		Release|Any CPU = Release|Any CPU
	EndGlobalSection
	GlobalSection(ProjectConfigurationPlatforms) = postSolution
		{CF58A9AF-94A2-4EB2-AC29-B10A93386E16}.Debug|Any CPU.ActiveCfg = Debug|Any CPU
		{CF58A9AF-94A2-4EB2-AC29-B10A93386E16}.Debug|Any CPU.Build.0 = Debug|Any CPU
		{CF58A9AF-94A2-4EB2-AC29-B10A93386E16}.Release|Any CPU.ActiveCfg = Release|Any CPU
		{CF58A9AF-94A2-4EB2-AC29-B10A93386E16}.Release|Any CPU.Build.0 = Release|Any CPU
		{1E43400F-3043-4CDC-BF0B-DEBFD1C5D4FB}.Debug|Any CPU.ActiveCfg = Debug|Any CPU
		{1E43400F-3043-4CDC-BF0B-DEBFD1C5D4FB}.Debug|Any CPU.Build.0 = Debug|Any CPU
		{1E43400F-3043-4CDC-BF0B-DEBFD1C5D4FB}.Release|Any CPU.ActiveCfg = Release|Any CPU
		{1E43400F-3043-4CDC-BF0B-DEBFD1C5D4FB}.Release|Any CPU.Build.0 = Release|Any CPU
	EndGlobalSection
	GlobalSection(SolutionProperties) = preSolution
		HideSolutionNode = FALSE
	EndGlobalSection
	GlobalSection(ExtensibilityGlobals) = postSolution
		SolutionGuid = {EB63398B-4E46-4494-93A8-6191D3A6C222}
	EndGlobalSection
EndGlobal
