
Microsoft Visual Studio Solution File, Format Version 12.00
# Visual Studio Version 17
VisualStudioVersion = 17.5.33516.290
MinimumVisualStudioVersion = 10.0.40219.1
Project("{FAE04EC0-301F-11D3-BF4B-00C04F79EFBC}") = "DestructorExample", "DestructorExample.csproj", "{D2839926-324F-4A83-9EAF-397CC72FCE57}"
EndProject
Project("{FAE04EC0-301F-11D3-BF4B-00C04F79EFBC}") = "DeastructorsClassLibrary", "..\DeastructorsClassLibrary\DeastructorsClassLibrary.csproj", "{9D357A69-F74C-4C59-BCCC-57C0D1FC7927}"
EndProject
Global
	GlobalSection(SolutionConfigurationPlatforms) = preSolution
		Debug|Any CPU = Debug|Any CPU
		Release|Any CPU = Release|Any CPU
	EndGlobalSection
	GlobalSection(ProjectConfigurationPlatforms) = postSolution
		{D2839926-324F-4A83-9EAF-397CC72FCE57}.Debug|Any CPU.ActiveCfg = Debug|Any CPU
		{D2839926-324F-4A83-9EAF-397CC72FCE57}.Debug|Any CPU.Build.0 = Debug|Any CPU
		{D2839926-324F-4A83-9EAF-397CC72FCE57}.Release|Any CPU.ActiveCfg = Release|Any CPU
		{D2839926-324F-4A83-9EAF-397CC72FCE57}.Release|Any CPU.Build.0 = Release|Any CPU
		{9D357A69-F74C-4C59-BCCC-57C0D1FC7927}.Debug|Any CPU.ActiveCfg = Debug|Any CPU
		{9D357A69-F74C-4C59-BCCC-57C0D1FC7927}.Debug|Any CPU.Build.0 = Debug|Any CPU
		{9D357A69-F74C-4C59-BCCC-57C0D1FC7927}.Release|Any CPU.ActiveCfg = Release|Any CPU
		{9D357A69-F74C-4C59-BCCC-57C0D1FC7927}.Release|Any CPU.Build.0 = Release|Any CPU
	EndGlobalSection
	GlobalSection(SolutionProperties) = preSolution
		HideSolutionNode = FALSE
	EndGlobalSection
	GlobalSection(ExtensibilityGlobals) = postSolution
		SolutionGuid = {C69FD6E4-958C-429D-94A9-4C66CF2116BF}
	EndGlobalSection
EndGlobal
