
Microsoft Visual Studio Solution File, Format Version 12.00
# Visual Studio Version 17
VisualStudioVersion = 17.5.33516.290
MinimumVisualStudioVersion = 10.0.40219.1
Project("{FAE04EC0-301F-11D3-BF4B-00C04F79EFBC}") = "MethodsExample", "MethodsExample.csproj", "{B9B93C3E-3FAE-49D1-A0ED-1F1BF13055DA}"
EndProject
Project("{FAE04EC0-301F-11D3-BF4B-00C04F79EFBC}") = "MethodsClassLibrary", "..\MethodsClassLibrary\MethodsClassLibrary.csproj", "{71F0BCD3-415F-4CC1-8679-B0D495E1CC18}"
EndProject
Global
	GlobalSection(SolutionConfigurationPlatforms) = preSolution
		Debug|Any CPU = Debug|Any CPU
		Release|Any CPU = Release|Any CPU
	EndGlobalSection
	GlobalSection(ProjectConfigurationPlatforms) = postSolution
		{B9B93C3E-3FAE-49D1-A0ED-1F1BF13055DA}.Debug|Any CPU.ActiveCfg = Debug|Any CPU
		{B9B93C3E-3FAE-49D1-A0ED-1F1BF13055DA}.Debug|Any CPU.Build.0 = Debug|Any CPU
		{B9B93C3E-3FAE-49D1-A0ED-1F1BF13055DA}.Release|Any CPU.ActiveCfg = Release|Any CPU
		{B9B93C3E-3FAE-49D1-A0ED-1F1BF13055DA}.Release|Any CPU.Build.0 = Release|Any CPU
		{71F0BCD3-415F-4CC1-8679-B0D495E1CC18}.Debug|Any CPU.ActiveCfg = Debug|Any CPU
		{71F0BCD3-415F-4CC1-8679-B0D495E1CC18}.Debug|Any CPU.Build.0 = Debug|Any CPU
		{71F0BCD3-415F-4CC1-8679-B0D495E1CC18}.Release|Any CPU.ActiveCfg = Release|Any CPU
		{71F0BCD3-415F-4CC1-8679-B0D495E1CC18}.Release|Any CPU.Build.0 = Release|Any CPU
	EndGlobalSection
	GlobalSection(SolutionProperties) = preSolution
		HideSolutionNode = FALSE
	EndGlobalSection
	GlobalSection(ExtensibilityGlobals) = postSolution
		SolutionGuid = {C71BCA46-6781-4CEB-A9D0-733C51B80E9B}
	EndGlobalSection
EndGlobal
