
Microsoft Visual Studio Solution File, Format Version 12.00
# Visual Studio Version 17
VisualStudioVersion = 17.5.33516.290
MinimumVisualStudioVersion = 10.0.40219.1
Project("{FAE04EC0-301F-11D3-BF4B-00C04F79EFBC}") = "GenericClassExample", "GenericClassExample.csproj", "{382051AB-F267-4BF9-825B-B62F0EA4777E}"
EndProject
Project("{FAE04EC0-301F-11D3-BF4B-00C04F79EFBC}") = "GenericClassLibrary", "..\GenericClassLibrary\GenericClassLibrary.csproj", "{054B0E17-6A18-44A9-9DBE-53C25E87FED1}"
EndProject
Global
	GlobalSection(SolutionConfigurationPlatforms) = preSolution
		Debug|Any CPU = Debug|Any CPU
		Release|Any CPU = Release|Any CPU
	EndGlobalSection
	GlobalSection(ProjectConfigurationPlatforms) = postSolution
		{382051AB-F267-4BF9-825B-B62F0EA4777E}.Debug|Any CPU.ActiveCfg = Debug|Any CPU
		{382051AB-F267-4BF9-825B-B62F0EA4777E}.Debug|Any CPU.Build.0 = Debug|Any CPU
		{382051AB-F267-4BF9-825B-B62F0EA4777E}.Release|Any CPU.ActiveCfg = Release|Any CPU
		{382051AB-F267-4BF9-825B-B62F0EA4777E}.Release|Any CPU.Build.0 = Release|Any CPU
		{054B0E17-6A18-44A9-9DBE-53C25E87FED1}.Debug|Any CPU.ActiveCfg = Debug|Any CPU
		{054B0E17-6A18-44A9-9DBE-53C25E87FED1}.Debug|Any CPU.Build.0 = Debug|Any CPU
		{054B0E17-6A18-44A9-9DBE-53C25E87FED1}.Release|Any CPU.ActiveCfg = Release|Any CPU
		{054B0E17-6A18-44A9-9DBE-53C25E87FED1}.Release|Any CPU.Build.0 = Release|Any CPU
	EndGlobalSection
	GlobalSection(SolutionProperties) = preSolution
		HideSolutionNode = FALSE
	EndGlobalSection
	GlobalSection(ExtensibilityGlobals) = postSolution
		SolutionGuid = {D554A77C-2DA5-43D3-8C62-587E36928C6D}
	EndGlobalSection
EndGlobal
